
Microsoft Visual Studio Solution File, Format Version 12.00
Project("{2150E333-8FDC-42A3-9474-1A3956D46DE8}") = "src", "src", "{25B70E3F-019D-4632-B3DF-5212AA95F1BF}"
EndProject
Project("{2150E333-8FDC-42A3-9474-1A3956D46DE8}") = "test", "test", "{3C926142-9788-4117-A8C1-0831BD6AC041}"
EndProject
Project("{FAE04EC0-301F-11D3-BF4B-00C04F79EFBC}") = "Transactions.Core", "src\Transactions.Core\Transactions.Core.csproj", "{28FD0178-ADD4-4438-BD42-EEC112630EA4}"
EndProject
Project("{FAE04EC0-301F-11D3-BF4B-00C04F79EFBC}") = "Transactions.Console", "src\Transactions.Console\Transactions.Console.csproj", "{0AC9E26D-43B1-4832-914B-D73500BDBCC2}"
EndProject
Project("{FAE04EC0-301F-11D3-BF4B-00C04F79EFBC}") = "Transactions.Core.UnitTests", "test\Transactions.Core.UnitTests\Transactions.Core.UnitTests.csproj", "{68E9D265-0812-4F6B-A569-51A9A6F5BB39}"
EndProject
Global
	GlobalSection(SolutionConfigurationPlatforms) = preSolution
		Debug|Any CPU = Debug|Any CPU
		Release|Any CPU = Release|Any CPU
	EndGlobalSection
	GlobalSection(ProjectConfigurationPlatforms) = postSolution
		{28FD0178-ADD4-4438-BD42-EEC112630EA4}.Debug|Any CPU.ActiveCfg = Debug|Any CPU
		{28FD0178-ADD4-4438-BD42-EEC112630EA4}.Debug|Any CPU.Build.0 = Debug|Any CPU
		{28FD0178-ADD4-4438-BD42-EEC112630EA4}.Release|Any CPU.ActiveCfg = Release|Any CPU
		{28FD0178-ADD4-4438-BD42-EEC112630EA4}.Release|Any CPU.Build.0 = Release|Any CPU
		{0AC9E26D-43B1-4832-914B-D73500BDBCC2}.Debug|Any CPU.ActiveCfg = Debug|Any CPU
		{0AC9E26D-43B1-4832-914B-D73500BDBCC2}.Debug|Any CPU.Build.0 = Debug|Any CPU
		{0AC9E26D-43B1-4832-914B-D73500BDBCC2}.Release|Any CPU.ActiveCfg = Release|Any CPU
		{0AC9E26D-43B1-4832-914B-D73500BDBCC2}.Release|Any CPU.Build.0 = Release|Any CPU
		{68E9D265-0812-4F6B-A569-51A9A6F5BB39}.Debug|Any CPU.ActiveCfg = Debug|Any CPU
		{68E9D265-0812-4F6B-A569-51A9A6F5BB39}.Debug|Any CPU.Build.0 = Debug|Any CPU
		{68E9D265-0812-4F6B-A569-51A9A6F5BB39}.Release|Any CPU.ActiveCfg = Release|Any CPU
		{68E9D265-0812-4F6B-A569-51A9A6F5BB39}.Release|Any CPU.Build.0 = Release|Any CPU
	EndGlobalSection
	GlobalSection(NestedProjects) = preSolution
		{28FD0178-ADD4-4438-BD42-EEC112630EA4} = {25B70E3F-019D-4632-B3DF-5212AA95F1BF}
		{0AC9E26D-43B1-4832-914B-D73500BDBCC2} = {25B70E3F-019D-4632-B3DF-5212AA95F1BF}
		{68E9D265-0812-4F6B-A569-51A9A6F5BB39} = {3C926142-9788-4117-A8C1-0831BD6AC041}
	EndGlobalSection
EndGlobal
